
Microsoft Visual Studio Solution File, Format Version 12.00
# Visual Studio 15
VisualStudioVersion = 15.0.27130.2010
MinimumVisualStudioVersion = 10.0.40219.1
Project("{FAE04EC0-301F-11D3-BF4B-00C04F79EFBC}") = "XorOperation", "XorOperation\XorOperation.csproj", "{0CC78523-EC3B-4CF7-8A18-9625C44B29AF}"
EndProject
Project("{FAE04EC0-301F-11D3-BF4B-00C04F79EFBC}") = "Neural.Core", "Neural.Core\Neural.Core.csproj", "{5DF10586-9AE1-4C4B-B838-9BEFBE209839}"
EndProject
Global
	GlobalSection(SolutionConfigurationPlatforms) = preSolution
		Debug|Any CPU = Debug|Any CPU
		Release|Any CPU = Release|Any CPU
	EndGlobalSection
	GlobalSection(ProjectConfigurationPlatforms) = postSolution
		{0CC78523-EC3B-4CF7-8A18-9625C44B29AF}.Debug|Any CPU.ActiveCfg = Debug|Any CPU
		{0CC78523-EC3B-4CF7-8A18-9625C44B29AF}.Debug|Any CPU.Build.0 = Debug|Any CPU
		{0CC78523-EC3B-4CF7-8A18-9625C44B29AF}.Release|Any CPU.ActiveCfg = Release|Any CPU
		{0CC78523-EC3B-4CF7-8A18-9625C44B29AF}.Release|Any CPU.Build.0 = Release|Any CPU
		{5DF10586-9AE1-4C4B-B838-9BEFBE209839}.Debug|Any CPU.ActiveCfg = Debug|Any CPU
		{5DF10586-9AE1-4C4B-B838-9BEFBE209839}.Debug|Any CPU.Build.0 = Debug|Any CPU
		{5DF10586-9AE1-4C4B-B838-9BEFBE209839}.Release|Any CPU.ActiveCfg = Release|Any CPU
		{5DF10586-9AE1-4C4B-B838-9BEFBE209839}.Release|Any CPU.Build.0 = Release|Any CPU
	EndGlobalSection
	GlobalSection(SolutionProperties) = preSolution
		HideSolutionNode = FALSE
	EndGlobalSection
	GlobalSection(ExtensibilityGlobals) = postSolution
		SolutionGuid = {C343DFAE-C6DB-41E7-9F4B-BAE9F2E4358D}
	EndGlobalSection
EndGlobal
